// !$*UTF8*$!
{
	archiveVersion = 1;
	classes = {
	};
	objectVersion = 56;
	objects = {

/* Begin PBXBuildFile section */
		56524A8B2C8A31E500DA1B98 /* TicTacView.swift in Sources */ = {isa = PBXBuildFile; fileRef = 56524A8A2C8A31E500DA1B98 /* TicTacView.swift */; };
		56524A8D2C8A386C00DA1B98 /* TicTacFieldView.swift in Sources */ = {isa = PBXBuildFile; fileRef = 56524A8C2C8A386C00DA1B98 /* TicTacFieldView.swift */; };
		567DB2B82C88257B002D6020 /* AppDelegate.swift in Sources */ = {isa = PBXBuildFile; fileRef = 567DB2B72C88257B002D6020 /* AppDelegate.swift */; };
		567DB2BA2C88257B002D6020 /* SceneDelegate.swift in Sources */ = {isa = PBXBuildFile; fileRef = 567DB2B92C88257B002D6020 /* SceneDelegate.swift */; };
		567DB2BF2C88257B002D6020 /* Base in Resources */ = {isa = PBXBuildFile; fileRef = 567DB2BE2C88257B002D6020 /* Base */; };
		567DB2C12C88257C002D6020 /* Assets.xcassets in Resources */ = {isa = PBXBuildFile; fileRef = 567DB2C02C88257C002D6020 /* Assets.xcassets */; };
		567DB2C42C88257C002D6020 /* Base in Resources */ = {isa = PBXBuildFile; fileRef = 567DB2C32C88257C002D6020 /* Base */; };
		567DB2CE2C884847002D6020 /* MiniAppProtocol.swift in Sources */ = {isa = PBXBuildFile; fileRef = 567DB2CD2C884847002D6020 /* MiniAppProtocol.swift */; };
		567DB2D32C884A5B002D6020 /* TemperatureView.swift in Sources */ = {isa = PBXBuildFile; fileRef = 567DB2D22C884A5B002D6020 /* TemperatureView.swift */; };
		567DB2D82C884EF4002D6020 /* SmallScreenViewController.swift in Sources */ = {isa = PBXBuildFile; fileRef = 567DB2D72C884EF4002D6020 /* SmallScreenViewController.swift */; };
		567DB2DC2C88508A002D6020 /* ApplicationData.swift in Sources */ = {isa = PBXBuildFile; fileRef = 567DB2DB2C88508A002D6020 /* ApplicationData.swift */; };
		567DB2DE2C885C87002D6020 /* MiniAppCell.swift in Sources */ = {isa = PBXBuildFile; fileRef = 567DB2DD2C885C87002D6020 /* MiniAppCell.swift */; };
		56AB7C012C8DE48400F83CC7 /* TimerAppView.swift in Sources */ = {isa = PBXBuildFile; fileRef = 56AB7C002C8DE48400F83CC7 /* TimerAppView.swift */; };
		56AB7C032C8DEBB400F83CC7 /* TimerView.swift in Sources */ = {isa = PBXBuildFile; fileRef = 56AB7C022C8DEBB400F83CC7 /* TimerView.swift */; };
		56AB7C072C8E22BE00F83CC7 /* SecondTimerAppView.swift in Sources */ = {isa = PBXBuildFile; fileRef = 56AB7C062C8E22BE00F83CC7 /* SecondTimerAppView.swift */; };
		56AB7C092C8E306B00F83CC7 /* SplitTableViewController.swift in Sources */ = {isa = PBXBuildFile; fileRef = 56AB7C082C8E306B00F83CC7 /* SplitTableViewController.swift */; };
		56AB7C0D2C8E3FBD00F83CC7 /* SplitViewController.swift in Sources */ = {isa = PBXBuildFile; fileRef = 56AB7C0C2C8E3FBD00F83CC7 /* SplitViewController.swift */; };
		56B855582C8BA0E000B612C7 /* TicTacElementDelegate.swift in Sources */ = {isa = PBXBuildFile; fileRef = 56B855572C8BA0E000B612C7 /* TicTacElementDelegate.swift */; };
		56B8555A2C8BAD8C00B612C7 /* TicTacFieldDelegate.swift in Sources */ = {isa = PBXBuildFile; fileRef = 56B855592C8BAD8C00B612C7 /* TicTacFieldDelegate.swift */; };
		56B8555D2C8C3EA800B612C7 /* FilterView.swift in Sources */ = {isa = PBXBuildFile; fileRef = 56B8555C2C8C3EA800B612C7 /* FilterView.swift */; };
		56B926EE2C88DE9D00125007 /* SnapKit in Frameworks */ = {isa = PBXBuildFile; productRef = 56B926ED2C88DE9D00125007 /* SnapKit */; };
		56B926F12C88FAE000125007 /* LocationView.swift in Sources */ = {isa = PBXBuildFile; fileRef = 56B926F02C88FAE000125007 /* LocationView.swift */; };
		56B926F32C89784400125007 /* TemperatureModel.swift in Sources */ = {isa = PBXBuildFile; fileRef = 56B926F22C89784400125007 /* TemperatureModel.swift */; };
		56B926F52C897C6500125007 /* InfoMiniAppView.swift in Sources */ = {isa = PBXBuildFile; fileRef = 56B926F42C897C6500125007 /* InfoMiniAppView.swift */; };
		56B926F72C897D7700125007 /* MiniApp.swift in Sources */ = {isa = PBXBuildFile; fileRef = 56B926F62C897D7700125007 /* MiniApp.swift */; };
		56B926F92C898DA500125007 /* LocationModel.swift in Sources */ = {isa = PBXBuildFile; fileRef = 56B926F82C898DA500125007 /* LocationModel.swift */; };
		56BDB4292C8CC3D300A50850 /* SepiaFilterView.swift in Sources */ = {isa = PBXBuildFile; fileRef = 56BDB4282C8CC3D300A50850 /* SepiaFilterView.swift */; };
		56BDB42B2C8CE6E900A50850 /* MiniAppDelegate.swift in Sources */ = {isa = PBXBuildFile; fileRef = 56BDB42A2C8CE6E900A50850 /* MiniAppDelegate.swift */; };
		56BDB42D2C8CF88600A50850 /* DisterFilterView.swift in Sources */ = {isa = PBXBuildFile; fileRef = 56BDB42C2C8CF88600A50850 /* DisterFilterView.swift */; };
		56BDB4312C8D002600A50850 /* HatchedFilter.swift in Sources */ = {isa = PBXBuildFile; fileRef = 56BDB4302C8D002600A50850 /* HatchedFilter.swift */; };
		56BDB4332C8D04E300A50850 /* BlurFilterView.swift in Sources */ = {isa = PBXBuildFile; fileRef = 56BDB4322C8D04E300A50850 /* BlurFilterView.swift */; };
		56BDB4352C8D066B00A50850 /* PixelFilterView.swift in Sources */ = {isa = PBXBuildFile; fileRef = 56BDB4342C8D066B00A50850 /* PixelFilterView.swift */; };
		56BDB4372C8D093600A50850 /* CartoonFilterView.swift in Sources */ = {isa = PBXBuildFile; fileRef = 56BDB4362C8D093600A50850 /* CartoonFilterView.swift */; };
		56BDB43B2C8D0BD700A50850 /* NewTicTackView.swift in Sources */ = {isa = PBXBuildFile; fileRef = 56BDB43A2C8D0BD700A50850 /* NewTicTackView.swift */; };
		56CBECB92C8B14150050A2CC /* TicTacElementView.swift in Sources */ = {isa = PBXBuildFile; fileRef = 56CBECB82C8B14150050A2CC /* TicTacElementView.swift */; };
/* End PBXBuildFile section */

/* Begin PBXCopyFilesBuildPhase section */
		56B926EB2C88DD6800125007 /* Embed Frameworks */ = {
			isa = PBXCopyFilesBuildPhase;
			buildActionMask = 2147483647;
			dstPath = "";
			dstSubfolderSpec = 10;
			files = (
			);
			name = "Embed Frameworks";
			runOnlyForDeploymentPostprocessing = 0;
		};
/* End PBXCopyFilesBuildPhase section */

/* Begin PBXFileReference section */
		56524A8A2C8A31E500DA1B98 /* TicTacView.swift */ = {isa = PBXFileReference; lastKnownFileType = sourcecode.swift; path = TicTacView.swift; sourceTree = "<group>"; };
		56524A8C2C8A386C00DA1B98 /* TicTacFieldView.swift */ = {isa = PBXFileReference; lastKnownFileType = sourcecode.swift; path = TicTacFieldView.swift; sourceTree = "<group>"; };
		567DB2B42C88257B002D6020 /* VKStage.app */ = {isa = PBXFileReference; explicitFileType = wrapper.application; includeInIndex = 0; path = VKStage.app; sourceTree = BUILT_PRODUCTS_DIR; };
		567DB2B72C88257B002D6020 /* AppDelegate.swift */ = {isa = PBXFileReference; lastKnownFileType = sourcecode.swift; path = AppDelegate.swift; sourceTree = "<group>"; };
		567DB2B92C88257B002D6020 /* SceneDelegate.swift */ = {isa = PBXFileReference; lastKnownFileType = sourcecode.swift; path = SceneDelegate.swift; sourceTree = "<group>"; };
		567DB2BE2C88257B002D6020 /* Base */ = {isa = PBXFileReference; lastKnownFileType = file.storyboard; name = Base; path = Base.lproj/Main.storyboard; sourceTree = "<group>"; };
		567DB2C02C88257C002D6020 /* Assets.xcassets */ = {isa = PBXFileReference; lastKnownFileType = folder.assetcatalog; path = Assets.xcassets; sourceTree = "<group>"; };
		567DB2C32C88257C002D6020 /* Base */ = {isa = PBXFileReference; lastKnownFileType = file.storyboard; name = Base; path = Base.lproj/LaunchScreen.storyboard; sourceTree = "<group>"; };
		567DB2C52C88257C002D6020 /* Info.plist */ = {isa = PBXFileReference; lastKnownFileType = text.plist.xml; path = Info.plist; sourceTree = "<group>"; };
		567DB2CD2C884847002D6020 /* MiniAppProtocol.swift */ = {isa = PBXFileReference; lastKnownFileType = sourcecode.swift; path = MiniAppProtocol.swift; sourceTree = "<group>"; };
		567DB2D22C884A5B002D6020 /* TemperatureView.swift */ = {isa = PBXFileReference; lastKnownFileType = sourcecode.swift; path = TemperatureView.swift; sourceTree = "<group>"; };
		567DB2D72C884EF4002D6020 /* SmallScreenViewController.swift */ = {isa = PBXFileReference; lastKnownFileType = sourcecode.swift; path = SmallScreenViewController.swift; sourceTree = "<group>"; };
		567DB2DB2C88508A002D6020 /* ApplicationData.swift */ = {isa = PBXFileReference; lastKnownFileType = sourcecode.swift; path = ApplicationData.swift; sourceTree = "<group>"; };
		567DB2DD2C885C87002D6020 /* MiniAppCell.swift */ = {isa = PBXFileReference; lastKnownFileType = sourcecode.swift; path = MiniAppCell.swift; sourceTree = "<group>"; };
		56AB7C002C8DE48400F83CC7 /* TimerAppView.swift */ = {isa = PBXFileReference; lastKnownFileType = sourcecode.swift; path = TimerAppView.swift; sourceTree = "<group>"; };
		56AB7C022C8DEBB400F83CC7 /* TimerView.swift */ = {isa = PBXFileReference; lastKnownFileType = sourcecode.swift; path = TimerView.swift; sourceTree = "<group>"; };
		56AB7C062C8E22BE00F83CC7 /* SecondTimerAppView.swift */ = {isa = PBXFileReference; lastKnownFileType = sourcecode.swift; path = SecondTimerAppView.swift; sourceTree = "<group>"; };
		56AB7C082C8E306B00F83CC7 /* SplitTableViewController.swift */ = {isa = PBXFileReference; lastKnownFileType = sourcecode.swift; path = SplitTableViewController.swift; sourceTree = "<group>"; };
		56AB7C0C2C8E3FBD00F83CC7 /* SplitViewController.swift */ = {isa = PBXFileReference; lastKnownFileType = sourcecode.swift; path = SplitViewController.swift; sourceTree = "<group>"; };
		56B855572C8BA0E000B612C7 /* TicTacElementDelegate.swift */ = {isa = PBXFileReference; lastKnownFileType = sourcecode.swift; path = TicTacElementDelegate.swift; sourceTree = "<group>"; };
		56B855592C8BAD8C00B612C7 /* TicTacFieldDelegate.swift */ = {isa = PBXFileReference; lastKnownFileType = sourcecode.swift; path = TicTacFieldDelegate.swift; sourceTree = "<group>"; };
		56B8555C2C8C3EA800B612C7 /* FilterView.swift */ = {isa = PBXFileReference; lastKnownFileType = sourcecode.swift; path = FilterView.swift; sourceTree = "<group>"; };
		56B926F02C88FAE000125007 /* LocationView.swift */ = {isa = PBXFileReference; lastKnownFileType = sourcecode.swift; path = LocationView.swift; sourceTree = "<group>"; };
		56B926F22C89784400125007 /* TemperatureModel.swift */ = {isa = PBXFileReference; lastKnownFileType = sourcecode.swift; path = TemperatureModel.swift; sourceTree = "<group>"; };
		56B926F42C897C6500125007 /* InfoMiniAppView.swift */ = {isa = PBXFileReference; lastKnownFileType = sourcecode.swift; path = InfoMiniAppView.swift; sourceTree = "<group>"; };
		56B926F62C897D7700125007 /* MiniApp.swift */ = {isa = PBXFileReference; lastKnownFileType = sourcecode.swift; path = MiniApp.swift; sourceTree = "<group>"; };
		56B926F82C898DA500125007 /* LocationModel.swift */ = {isa = PBXFileReference; lastKnownFileType = sourcecode.swift; path = LocationModel.swift; sourceTree = "<group>"; };
		56BDB4282C8CC3D300A50850 /* SepiaFilterView.swift */ = {isa = PBXFileReference; lastKnownFileType = sourcecode.swift; path = SepiaFilterView.swift; sourceTree = "<group>"; };
		56BDB42A2C8CE6E900A50850 /* MiniAppDelegate.swift */ = {isa = PBXFileReference; lastKnownFileType = sourcecode.swift; path = MiniAppDelegate.swift; sourceTree = "<group>"; };
		56BDB42C2C8CF88600A50850 /* DisterFilterView.swift */ = {isa = PBXFileReference; lastKnownFileType = sourcecode.swift; path = DisterFilterView.swift; sourceTree = "<group>"; };
		56BDB4302C8D002600A50850 /* HatchedFilter.swift */ = {isa = PBXFileReference; lastKnownFileType = sourcecode.swift; path = HatchedFilter.swift; sourceTree = "<group>"; };
		56BDB4322C8D04E300A50850 /* BlurFilterView.swift */ = {isa = PBXFileReference; lastKnownFileType = sourcecode.swift; path = BlurFilterView.swift; sourceTree = "<group>"; };
		56BDB4342C8D066B00A50850 /* PixelFilterView.swift */ = {isa = PBXFileReference; lastKnownFileType = sourcecode.swift; path = PixelFilterView.swift; sourceTree = "<group>"; };
		56BDB4362C8D093600A50850 /* CartoonFilterView.swift */ = {isa = PBXFileReference; lastKnownFileType = sourcecode.swift; path = CartoonFilterView.swift; sourceTree = "<group>"; };
		56BDB43A2C8D0BD700A50850 /* NewTicTackView.swift */ = {isa = PBXFileReference; lastKnownFileType = sourcecode.swift; path = NewTicTackView.swift; sourceTree = "<group>"; };
		56CBECB82C8B14150050A2CC /* TicTacElementView.swift */ = {isa = PBXFileReference; lastKnownFileType = sourcecode.swift; path = TicTacElementView.swift; sourceTree = "<group>"; };
/* End PBXFileReference section */

/* Begin PBXFrameworksBuildPhase section */
		567DB2B12C88257B002D6020 /* Frameworks */ = {
			isa = PBXFrameworksBuildPhase;
			buildActionMask = 2147483647;
			files = (
				56B926EE2C88DE9D00125007 /* SnapKit in Frameworks */,
			);
			runOnlyForDeploymentPostprocessing = 0;
		};
/* End PBXFrameworksBuildPhase section */

/* Begin PBXGroup section */
		56524A892C8A31C200DA1B98 /* TicTacToes */ = {
			isa = PBXGroup;
			children = (
				56BDB43A2C8D0BD700A50850 /* NewTicTackView.swift */,
				56524A8A2C8A31E500DA1B98 /* TicTacView.swift */,
				56524A8C2C8A386C00DA1B98 /* TicTacFieldView.swift */,
				56B855592C8BAD8C00B612C7 /* TicTacFieldDelegate.swift */,
				56CBECB82C8B14150050A2CC /* TicTacElementView.swift */,
				56B855572C8BA0E000B612C7 /* TicTacElementDelegate.swift */,
			);
			path = TicTacToes;
			sourceTree = "<group>";
		};
		567DB2AB2C88257B002D6020 = {
			isa = PBXGroup;
			children = (
				567DB2B62C88257B002D6020 /* VKStage */,
				567DB2B52C88257B002D6020 /* Products */,
			);
			sourceTree = "<group>";
		};
		567DB2B52C88257B002D6020 /* Products */ = {
			isa = PBXGroup;
			children = (
				567DB2B42C88257B002D6020 /* VKStage.app */,
			);
			name = Products;
			sourceTree = "<group>";
		};
		567DB2B62C88257B002D6020 /* VKStage */ = {
			isa = PBXGroup;
			children = (
				567DB2DB2C88508A002D6020 /* ApplicationData.swift */,
				567DB2D62C884EC6002D6020 /* ViewControllers */,
				567DB2B72C88257B002D6020 /* AppDelegate.swift */,
				567DB2B92C88257B002D6020 /* SceneDelegate.swift */,
				567DB2D02C884A08002D6020 /* MiniApps */,
				567DB2BD2C88257B002D6020 /* Main.storyboard */,
				567DB2C02C88257C002D6020 /* Assets.xcassets */,
				567DB2C22C88257C002D6020 /* LaunchScreen.storyboard */,
				567DB2C52C88257C002D6020 /* Info.plist */,
			);
			path = VKStage;
			sourceTree = "<group>";
		};
		567DB2D02C884A08002D6020 /* MiniApps */ = {
			isa = PBXGroup;
			children = (
				56AB7BFF2C8DE46500F83CC7 /* Timer */,
				56B8555B2C8C3E7300B612C7 /* Filters */,
				56524A892C8A31C200DA1B98 /* TicTacToes */,
				56B926EF2C88FAC600125007 /* Location */,
				567DB2D12C884A15002D6020 /* Temperature */,
				567DB2DD2C885C87002D6020 /* MiniAppCell.swift */,
				56B926F42C897C6500125007 /* InfoMiniAppView.swift */,
				56B926F62C897D7700125007 /* MiniApp.swift */,
				567DB2CD2C884847002D6020 /* MiniAppProtocol.swift */,
				56BDB42A2C8CE6E900A50850 /* MiniAppDelegate.swift */,
			);
			path = MiniApps;
			sourceTree = "<group>";
		};
		567DB2D12C884A15002D6020 /* Temperature */ = {
			isa = PBXGroup;
			children = (
				567DB2D22C884A5B002D6020 /* TemperatureView.swift */,
				56B926F22C89784400125007 /* TemperatureModel.swift */,
			);
			path = Temperature;
			sourceTree = "<group>";
		};
		567DB2D62C884EC6002D6020 /* ViewControllers */ = {
			isa = PBXGroup;
			children = (
				567DB2D72C884EF4002D6020 /* SmallScreenViewController.swift */,
				56AB7C082C8E306B00F83CC7 /* SplitTableViewController.swift */,
				56AB7C0C2C8E3FBD00F83CC7 /* SplitViewController.swift */,
			);
			path = ViewControllers;
			sourceTree = "<group>";
		};
		56AB7BFF2C8DE46500F83CC7 /* Timer */ = {
			isa = PBXGroup;
			children = (
				56AB7C002C8DE48400F83CC7 /* TimerAppView.swift */,
				56AB7C022C8DEBB400F83CC7 /* TimerView.swift */,
				56AB7C062C8E22BE00F83CC7 /* SecondTimerAppView.swift */,
			);
			path = Timer;
			sourceTree = "<group>";
		};
		56B8555B2C8C3E7300B612C7 /* Filters */ = {
			isa = PBXGroup;
			children = (
				56B8555C2C8C3EA800B612C7 /* FilterView.swift */,
				56BDB4282C8CC3D300A50850 /* SepiaFilterView.swift */,
				56BDB42C2C8CF88600A50850 /* DisterFilterView.swift */,
				56BDB4302C8D002600A50850 /* HatchedFilter.swift */,
				56BDB4322C8D04E300A50850 /* BlurFilterView.swift */,
				56BDB4342C8D066B00A50850 /* PixelFilterView.swift */,
				56BDB4362C8D093600A50850 /* CartoonFilterView.swift */,
			);
			path = Filters;
			sourceTree = "<group>";
		};
		56B926EF2C88FAC600125007 /* Location */ = {
			isa = PBXGroup;
			children = (
				56B926F02C88FAE000125007 /* LocationView.swift */,
				56B926F82C898DA500125007 /* LocationModel.swift */,
			);
			path = Location;
			sourceTree = "<group>";
		};
/* End PBXGroup section */

/* Begin PBXNativeTarget section */
		567DB2B32C88257B002D6020 /* VKStage */ = {
			isa = PBXNativeTarget;
			buildConfigurationList = 567DB2C82C88257C002D6020 /* Build configuration list for PBXNativeTarget "VKStage" */;
			buildPhases = (
				567DB2B02C88257B002D6020 /* Sources */,
				567DB2B12C88257B002D6020 /* Frameworks */,
				567DB2B22C88257B002D6020 /* Resources */,
				56B926EB2C88DD6800125007 /* Embed Frameworks */,
			);
			buildRules = (
			);
			dependencies = (
			);
			name = VKStage;
			packageProductDependencies = (
				56B926ED2C88DE9D00125007 /* SnapKit */,
			);
			productName = VKStage;
			productReference = 567DB2B42C88257B002D6020 /* VKStage.app */;
			productType = "com.apple.product-type.application";
		};
/* End PBXNativeTarget section */

/* Begin PBXProject section */
		567DB2AC2C88257B002D6020 /* Project object */ = {
			isa = PBXProject;
			attributes = {
				BuildIndependentTargetsInParallel = 1;
				LastSwiftUpdateCheck = 1540;
				LastUpgradeCheck = 1540;
				TargetAttributes = {
					567DB2B32C88257B002D6020 = {
						CreatedOnToolsVersion = 15.4;
					};
				};
			};
			buildConfigurationList = 567DB2AF2C88257B002D6020 /* Build configuration list for PBXProject "VKStage" */;
			compatibilityVersion = "Xcode 14.0";
			developmentRegion = en;
			hasScannedForEncodings = 0;
			knownRegions = (
				en,
				Base,
			);
			mainGroup = 567DB2AB2C88257B002D6020;
			packageReferences = (
				56B926EC2C88DE9D00125007 /* XCRemoteSwiftPackageReference "SnapKit" */,
			);
			productRefGroup = 567DB2B52C88257B002D6020 /* Products */;
			projectDirPath = "";
			projectRoot = "";
			targets = (
				567DB2B32C88257B002D6020 /* VKStage */,
			);
		};
/* End PBXProject section */

/* Begin PBXResourcesBuildPhase section */
		567DB2B22C88257B002D6020 /* Resources */ = {
			isa = PBXResourcesBuildPhase;
			buildActionMask = 2147483647;
			files = (
				567DB2C12C88257C002D6020 /* Assets.xcassets in Resources */,
				567DB2C42C88257C002D6020 /* Base in Resources */,
				567DB2BF2C88257B002D6020 /* Base in Resources */,
			);
			runOnlyForDeploymentPostprocessing = 0;
		};
/* End PBXResourcesBuildPhase section */

/* Begin PBXSourcesBuildPhase section */
		567DB2B02C88257B002D6020 /* Sources */ = {
			isa = PBXSourcesBuildPhase;
			buildActionMask = 2147483647;
			files = (
				56BDB42D2C8CF88600A50850 /* DisterFilterView.swift in Sources */,
				56B926F72C897D7700125007 /* MiniApp.swift in Sources */,
				567DB2D32C884A5B002D6020 /* TemperatureView.swift in Sources */,
				56BDB43B2C8D0BD700A50850 /* NewTicTackView.swift in Sources */,
				56B926F52C897C6500125007 /* InfoMiniAppView.swift in Sources */,
				56AB7C072C8E22BE00F83CC7 /* SecondTimerAppView.swift in Sources */,
				56524A8B2C8A31E500DA1B98 /* TicTacView.swift in Sources */,
				56AB7C0D2C8E3FBD00F83CC7 /* SplitViewController.swift in Sources */,
				56B8555D2C8C3EA800B612C7 /* FilterView.swift in Sources */,
				56BDB4332C8D04E300A50850 /* BlurFilterView.swift in Sources */,
				56BDB42B2C8CE6E900A50850 /* MiniAppDelegate.swift in Sources */,
				56AB7C012C8DE48400F83CC7 /* TimerAppView.swift in Sources */,
				56B926F12C88FAE000125007 /* LocationView.swift in Sources */,
				56BDB4372C8D093600A50850 /* CartoonFilterView.swift in Sources */,
				56B926F92C898DA500125007 /* LocationModel.swift in Sources */,
				567DB2CE2C884847002D6020 /* MiniAppProtocol.swift in Sources */,
				56B8555A2C8BAD8C00B612C7 /* TicTacFieldDelegate.swift in Sources */,
				56AB7C092C8E306B00F83CC7 /* SplitTableViewController.swift in Sources */,
				567DB2DE2C885C87002D6020 /* MiniAppCell.swift in Sources */,
				56BDB4312C8D002600A50850 /* HatchedFilter.swift in Sources */,
				567DB2D82C884EF4002D6020 /* SmallScreenViewController.swift in Sources */,
				56CBECB92C8B14150050A2CC /* TicTacElementView.swift in Sources */,
				56524A8D2C8A386C00DA1B98 /* TicTacFieldView.swift in Sources */,
				56B855582C8BA0E000B612C7 /* TicTacElementDelegate.swift in Sources */,
				56B926F32C89784400125007 /* TemperatureModel.swift in Sources */,
				56BDB4352C8D066B00A50850 /* PixelFilterView.swift in Sources */,
				56AB7C032C8DEBB400F83CC7 /* TimerView.swift in Sources */,
				567DB2B82C88257B002D6020 /* AppDelegate.swift in Sources */,
				567DB2BA2C88257B002D6020 /* SceneDelegate.swift in Sources */,
				56BDB4292C8CC3D300A50850 /* SepiaFilterView.swift in Sources */,
				567DB2DC2C88508A002D6020 /* ApplicationData.swift in Sources */,
			);
			runOnlyForDeploymentPostprocessing = 0;
		};
/* End PBXSourcesBuildPhase section */

/* Begin PBXVariantGroup section */
		567DB2BD2C88257B002D6020 /* Main.storyboard */ = {
			isa = PBXVariantGroup;
			children = (
				567DB2BE2C88257B002D6020 /* Base */,
			);
			name = Main.storyboard;
			sourceTree = "<group>";
		};
		567DB2C22C88257C002D6020 /* LaunchScreen.storyboard */ = {
			isa = PBXVariantGroup;
			children = (
				567DB2C32C88257C002D6020 /* Base */,
			);
			name = LaunchScreen.storyboard;
			sourceTree = "<group>";
		};
/* End PBXVariantGroup section */

/* Begin XCBuildConfiguration section */
		567DB2C62C88257C002D6020 /* Debug */ = {
			isa = XCBuildConfiguration;
			buildSettings = {
				ALWAYS_SEARCH_USER_PATHS = NO;
				ASSETCATALOG_COMPILER_GENERATE_SWIFT_ASSET_SYMBOL_EXTENSIONS = YES;
				CLANG_ANALYZER_NONNULL = YES;
				CLANG_ANALYZER_NUMBER_OBJECT_CONVERSION = YES_AGGRESSIVE;
				CLANG_CXX_LANGUAGE_STANDARD = "gnu++20";
				CLANG_ENABLE_MODULES = YES;
				CLANG_ENABLE_OBJC_ARC = YES;
				CLANG_ENABLE_OBJC_WEAK = YES;
				CLANG_WARN_BLOCK_CAPTURE_AUTORELEASING = YES;
				CLANG_WARN_BOOL_CONVERSION = YES;
				CLANG_WARN_COMMA = YES;
				CLANG_WARN_CONSTANT_CONVERSION = YES;
				CLANG_WARN_DEPRECATED_OBJC_IMPLEMENTATIONS = YES;
				CLANG_WARN_DIRECT_OBJC_ISA_USAGE = YES_ERROR;
				CLANG_WARN_DOCUMENTATION_COMMENTS = YES;
				CLANG_WARN_EMPTY_BODY = YES;
				CLANG_WARN_ENUM_CONVERSION = YES;
				CLANG_WARN_INFINITE_RECURSION = YES;
				CLANG_WARN_INT_CONVERSION = YES;
				CLANG_WARN_NON_LITERAL_NULL_CONVERSION = YES;
				CLANG_WARN_OBJC_IMPLICIT_RETAIN_SELF = YES;
				CLANG_WARN_OBJC_LITERAL_CONVERSION = YES;
				CLANG_WARN_OBJC_ROOT_CLASS = YES_ERROR;
				CLANG_WARN_QUOTED_INCLUDE_IN_FRAMEWORK_HEADER = YES;
				CLANG_WARN_RANGE_LOOP_ANALYSIS = YES;
				CLANG_WARN_STRICT_PROTOTYPES = YES;
				CLANG_WARN_SUSPICIOUS_MOVE = YES;
				CLANG_WARN_UNGUARDED_AVAILABILITY = YES_AGGRESSIVE;
				CLANG_WARN_UNREACHABLE_CODE = YES;
				CLANG_WARN__DUPLICATE_METHOD_MATCH = YES;
				COPY_PHASE_STRIP = NO;
				DEBUG_INFORMATION_FORMAT = dwarf;
				ENABLE_STRICT_OBJC_MSGSEND = YES;
				ENABLE_TESTABILITY = YES;
				ENABLE_USER_SCRIPT_SANDBOXING = YES;
				GCC_C_LANGUAGE_STANDARD = gnu17;
				GCC_DYNAMIC_NO_PIC = NO;
				GCC_NO_COMMON_BLOCKS = YES;
				GCC_OPTIMIZATION_LEVEL = 0;
				GCC_PREPROCESSOR_DEFINITIONS = (
					"DEBUG=1",
					"$(inherited)",
				);
				GCC_WARN_64_TO_32_BIT_CONVERSION = YES;
				GCC_WARN_ABOUT_RETURN_TYPE = YES_ERROR;
				GCC_WARN_UNDECLARED_SELECTOR = YES;
				GCC_WARN_UNINITIALIZED_AUTOS = YES_AGGRESSIVE;
				GCC_WARN_UNUSED_FUNCTION = YES;
				GCC_WARN_UNUSED_VARIABLE = YES;
				IPHONEOS_DEPLOYMENT_TARGET = 17.5;
				LOCALIZATION_PREFERS_STRING_CATALOGS = YES;
				MTL_ENABLE_DEBUG_INFO = INCLUDE_SOURCE;
				MTL_FAST_MATH = YES;
				ONLY_ACTIVE_ARCH = YES;
				SDKROOT = iphoneos;
				SWIFT_ACTIVE_COMPILATION_CONDITIONS = "DEBUG $(inherited)";
				SWIFT_OPTIMIZATION_LEVEL = "-Onone";
			};
			name = Debug;
		};
		567DB2C72C88257C002D6020 /* Release */ = {
			isa = XCBuildConfiguration;
			buildSettings = {
				ALWAYS_SEARCH_USER_PATHS = NO;
				ASSETCATALOG_COMPILER_GENERATE_SWIFT_ASSET_SYMBOL_EXTENSIONS = YES;
				CLANG_ANALYZER_NONNULL = YES;
				CLANG_ANALYZER_NUMBER_OBJECT_CONVERSION = YES_AGGRESSIVE;
				CLANG_CXX_LANGUAGE_STANDARD = "gnu++20";
				CLANG_ENABLE_MODULES = YES;
				CLANG_ENABLE_OBJC_ARC = YES;
				CLANG_ENABLE_OBJC_WEAK = YES;
				CLANG_WARN_BLOCK_CAPTURE_AUTORELEASING = YES;
				CLANG_WARN_BOOL_CONVERSION = YES;
				CLANG_WARN_COMMA = YES;
				CLANG_WARN_CONSTANT_CONVERSION = YES;
				CLANG_WARN_DEPRECATED_OBJC_IMPLEMENTATIONS = YES;
				CLANG_WARN_DIRECT_OBJC_ISA_USAGE = YES_ERROR;
				CLANG_WARN_DOCUMENTATION_COMMENTS = YES;
				CLANG_WARN_EMPTY_BODY = YES;
				CLANG_WARN_ENUM_CONVERSION = YES;
				CLANG_WARN_INFINITE_RECURSION = YES;
				CLANG_WARN_INT_CONVERSION = YES;
				CLANG_WARN_NON_LITERAL_NULL_CONVERSION = YES;
				CLANG_WARN_OBJC_IMPLICIT_RETAIN_SELF = YES;
				CLANG_WARN_OBJC_LITERAL_CONVERSION = YES;
				CLANG_WARN_OBJC_ROOT_CLASS = YES_ERROR;
				CLANG_WARN_QUOTED_INCLUDE_IN_FRAMEWORK_HEADER = YES;
				CLANG_WARN_RANGE_LOOP_ANALYSIS = YES;
				CLANG_WARN_STRICT_PROTOTYPES = YES;
				CLANG_WARN_SUSPICIOUS_MOVE = YES;
				CLANG_WARN_UNGUARDED_AVAILABILITY = YES_AGGRESSIVE;
				CLANG_WARN_UNREACHABLE_CODE = YES;
				CLANG_WARN__DUPLICATE_METHOD_MATCH = YES;
				COPY_PHASE_STRIP = NO;
				DEBUG_INFORMATION_FORMAT = "dwarf-with-dsym";
				ENABLE_NS_ASSERTIONS = NO;
				ENABLE_STRICT_OBJC_MSGSEND = YES;
				ENABLE_USER_SCRIPT_SANDBOXING = YES;
				GCC_C_LANGUAGE_STANDARD = gnu17;
				GCC_NO_COMMON_BLOCKS = YES;
				GCC_WARN_64_TO_32_BIT_CONVERSION = YES;
				GCC_WARN_ABOUT_RETURN_TYPE = YES_ERROR;
				GCC_WARN_UNDECLARED_SELECTOR = YES;
				GCC_WARN_UNINITIALIZED_AUTOS = YES_AGGRESSIVE;
				GCC_WARN_UNUSED_FUNCTION = YES;
				GCC_WARN_UNUSED_VARIABLE = YES;
				IPHONEOS_DEPLOYMENT_TARGET = 17.5;
				LOCALIZATION_PREFERS_STRING_CATALOGS = YES;
				MTL_ENABLE_DEBUG_INFO = NO;
				MTL_FAST_MATH = YES;
				SDKROOT = iphoneos;
				SWIFT_COMPILATION_MODE = wholemodule;
				VALIDATE_PRODUCT = YES;
			};
			name = Release;
		};
		567DB2C92C88257C002D6020 /* Debug */ = {
			isa = XCBuildConfiguration;
			buildSettings = {
				ASSETCATALOG_COMPILER_APPICON_NAME = AppIcon;
				ASSETCATALOG_COMPILER_GLOBAL_ACCENT_COLOR_NAME = AccentColor;
				CODE_SIGN_STYLE = Automatic;
				CURRENT_PROJECT_VERSION = 1;
				DEVELOPMENT_TEAM = C8NSZM8WF9;
				GENERATE_INFOPLIST_FILE = YES;
				INFOPLIST_FILE = VKStage/Info.plist;
				INFOPLIST_KEY_NSAppleMusicUsageDescription = "Выбирать фото котиков";
				INFOPLIST_KEY_NSLocationWhenInUseUsageDescription = "Для определения погоды и города";
				INFOPLIST_KEY_UIApplicationSupportsIndirectInputEvents = YES;
				INFOPLIST_KEY_UILaunchStoryboardName = LaunchScreen;
				INFOPLIST_KEY_UIMainStoryboardFile = Main;
				INFOPLIST_KEY_UISupportedInterfaceOrientations = UIInterfaceOrientationPortrait;
				INFOPLIST_KEY_UISupportedInterfaceOrientations_iPad = "UIInterfaceOrientationLandscapeLeft UIInterfaceOrientationLandscapeRight UIInterfaceOrientationPortrait UIInterfaceOrientationPortraitUpsideDown";
				LD_RUNPATH_SEARCH_PATHS = (
					"$(inherited)",
					"@executable_path/Frameworks",
				);
				MARKETING_VERSION = 1.0;
				PRODUCT_BUNDLE_IDENTIFIER = ddev.VKStage;
				PRODUCT_NAME = "$(TARGET_NAME)";
				SWIFT_EMIT_LOC_STRINGS = YES;
				SWIFT_VERSION = 5.0;
				TARGETED_DEVICE_FAMILY = "1,2";
			};
			name = Debug;
		};
		567DB2CA2C88257C002D6020 /* Release */ = {
			isa = XCBuildConfiguration;
			buildSettings = {
				ASSETCATALOG_COMPILER_APPICON_NAME = AppIcon;
				ASSETCATALOG_COMPILER_GLOBAL_ACCENT_COLOR_NAME = AccentColor;
				CODE_SIGN_STYLE = Automatic;
				CURRENT_PROJECT_VERSION = 1;
				DEVELOPMENT_TEAM = C8NSZM8WF9;
				GENERATE_INFOPLIST_FILE = YES;
				INFOPLIST_FILE = VKStage/Info.plist;
				INFOPLIST_KEY_NSAppleMusicUsageDescription = "Выбирать фото котиков";
				INFOPLIST_KEY_NSLocationWhenInUseUsageDescription = "Для определения погоды и города";
				INFOPLIST_KEY_UIApplicationSupportsIndirectInputEvents = YES;
				INFOPLIST_KEY_UILaunchStoryboardName = LaunchScreen;
				INFOPLIST_KEY_UIMainStoryboardFile = Main;
				INFOPLIST_KEY_UISupportedInterfaceOrientations = UIInterfaceOrientationPortrait;
				INFOPLIST_KEY_UISupportedInterfaceOrientations_iPad = "UIInterfaceOrientationLandscapeLeft UIInterfaceOrientationLandscapeRight UIInterfaceOrientationPortrait UIInterfaceOrientationPortraitUpsideDown";
				LD_RUNPATH_SEARCH_PATHS = (
					"$(inherited)",
					"@executable_path/Frameworks",
				);
				MARKETING_VERSION = 1.0;
				PRODUCT_BUNDLE_IDENTIFIER = ddev.VKStage;
				PRODUCT_NAME = "$(TARGET_NAME)";
				SWIFT_EMIT_LOC_STRINGS = YES;
				SWIFT_VERSION = 5.0;
				TARGETED_DEVICE_FAMILY = "1,2";
			};
			name = Release;
		};
/* End XCBuildConfiguration section */

/* Begin XCConfigurationList section */
		567DB2AF2C88257B002D6020 /* Build configuration list for PBXProject "VKStage" */ = {
			isa = XCConfigurationList;
			buildConfigurations = (
				567DB2C62C88257C002D6020 /* Debug */,
				567DB2C72C88257C002D6020 /* Release */,
			);
			defaultConfigurationIsVisible = 0;
			defaultConfigurationName = Release;
		};
		567DB2C82C88257C002D6020 /* Build configuration list for PBXNativeTarget "VKStage" */ = {
			isa = XCConfigurationList;
			buildConfigurations = (
				567DB2C92C88257C002D6020 /* Debug */,
				567DB2CA2C88257C002D6020 /* Release */,
			);
			defaultConfigurationIsVisible = 0;
			defaultConfigurationName = Release;
		};
/* End XCConfigurationList section */

/* Begin XCRemoteSwiftPackageReference section */
		56B926EC2C88DE9D00125007 /* XCRemoteSwiftPackageReference "SnapKit" */ = {
			isa = XCRemoteSwiftPackageReference;
			repositoryURL = "https://github.com/SnapKit/SnapKit.git";
			requirement = {
				kind = upToNextMajorVersion;
				minimumVersion = 5.7.1;
			};
		};
/* End XCRemoteSwiftPackageReference section */

/* Begin XCSwiftPackageProductDependency section */
		56B926ED2C88DE9D00125007 /* SnapKit */ = {
			isa = XCSwiftPackageProductDependency;
			package = 56B926EC2C88DE9D00125007 /* XCRemoteSwiftPackageReference "SnapKit" */;
			productName = SnapKit;
		};
/* End XCSwiftPackageProductDependency section */
	};
	rootObject = 567DB2AC2C88257B002D6020 /* Project object */;
}
